
Microsoft Visual Studio Solution File, Format Version 12.00
# Visual Studio Version 17
VisualStudioVersion = 17.7.34202.233
MinimumVisualStudioVersion = 10.0.40219.1
Project("{9A19103F-16F7-4668-BE54-9A1E7A4F7556}") = "CleanCodeDeveloper.Analyzers", "CleanCodeDeveloper.Analyzers\CleanCodeDeveloper.Analyzers.csproj", "{F1D818DF-7129-43CD-A0DA-D8F8C3186376}"
EndProject
Project("{9A19103F-16F7-4668-BE54-9A1E7A4F7556}") = "CleanCodeDeveloper.Analyzers.Tests", "CleanCodeDeveloper.Analyzers.Tests\CleanCodeDeveloper.Analyzers.Tests.csproj", "{BD099D02-B310-472A-8C8E-435E7EB58A66}"
EndProject
Project("{9A19103F-16F7-4668-BE54-9A1E7A4F7556}") = "Roslyn.UnitTestFramework", "UnitTestFramework\Roslyn.UnitTestFramework.csproj", "{A283E65F-7215-4244-8FB4-84B2FDBD96D4}"
EndProject
Project("{9A19103F-16F7-4668-BE54-9A1E7A4F7556}") = "SampleCode", "SampleCode\SampleCode.csproj", "{4EB16B1F-5C29-4C96-96BE-D28EB81D8D34}"
EndProject
Global
	GlobalSection(SolutionConfigurationPlatforms) = preSolution
		Debug|Any CPU = Debug|Any CPU
		Release|Any CPU = Release|Any CPU
	EndGlobalSection
	GlobalSection(ProjectConfigurationPlatforms) = postSolution
		{F1D818DF-7129-43CD-A0DA-D8F8C3186376}.Debug|Any CPU.ActiveCfg = Debug|Any CPU
		{F1D818DF-7129-43CD-A0DA-D8F8C3186376}.Debug|Any CPU.Build.0 = Debug|Any CPU
		{F1D818DF-7129-43CD-A0DA-D8F8C3186376}.Release|Any CPU.ActiveCfg = Release|Any CPU
		{F1D818DF-7129-43CD-A0DA-D8F8C3186376}.Release|Any CPU.Build.0 = Release|Any CPU
		{BD099D02-B310-472A-8C8E-435E7EB58A66}.Debug|Any CPU.ActiveCfg = Debug|Any CPU
		{BD099D02-B310-472A-8C8E-435E7EB58A66}.Debug|Any CPU.Build.0 = Debug|Any CPU
		{BD099D02-B310-472A-8C8E-435E7EB58A66}.Release|Any CPU.ActiveCfg = Release|Any CPU
		{BD099D02-B310-472A-8C8E-435E7EB58A66}.Release|Any CPU.Build.0 = Release|Any CPU
		{A283E65F-7215-4244-8FB4-84B2FDBD96D4}.Debug|Any CPU.ActiveCfg = Debug|Any CPU
		{A283E65F-7215-4244-8FB4-84B2FDBD96D4}.Debug|Any CPU.Build.0 = Debug|Any CPU
		{A283E65F-7215-4244-8FB4-84B2FDBD96D4}.Release|Any CPU.ActiveCfg = Release|Any CPU
		{A283E65F-7215-4244-8FB4-84B2FDBD96D4}.Release|Any CPU.Build.0 = Release|Any CPU
		{4EB16B1F-5C29-4C96-96BE-D28EB81D8D34}.Debug|Any CPU.ActiveCfg = Debug|Any CPU
		{4EB16B1F-5C29-4C96-96BE-D28EB81D8D34}.Debug|Any CPU.Build.0 = Debug|Any CPU
		{4EB16B1F-5C29-4C96-96BE-D28EB81D8D34}.Release|Any CPU.ActiveCfg = Release|Any CPU
		{4EB16B1F-5C29-4C96-96BE-D28EB81D8D34}.Release|Any CPU.Build.0 = Release|Any CPU
	EndGlobalSection
	GlobalSection(SolutionProperties) = preSolution
		HideSolutionNode = FALSE
	EndGlobalSection
	GlobalSection(ExtensibilityGlobals) = postSolution
		SolutionGuid = {7CD35294-2AD3-47C9-B9B0-8A2C685A81BD}
	EndGlobalSection
EndGlobal
